
Microsoft Visual Studio Solution File, Format Version 12.00
# Visual Studio 15
Project("{FAE04EC0-301F-11D3-BF4B-00C04F79EFBC}") = "Clock23", "Assembly-CSharp.csproj", "{75337205-5365-CC43-5A0D-C297885DE632}"
EndProject
Global
	GlobalSection(SolutionConfigurationPlatforms) = preSolution
		Debug|Any CPU = Debug|Any CPU
		Release|Any CPU = Release|Any CPU
	EndGlobalSection
	GlobalSection(ProjectConfigurationPlatforms) = postSolution
		{75337205-5365-CC43-5A0D-C297885DE632}.Debug|Any CPU.ActiveCfg = Debug|Any CPU
		{75337205-5365-CC43-5A0D-C297885DE632}.Debug|Any CPU.Build.0 = Debug|Any CPU
		{75337205-5365-CC43-5A0D-C297885DE632}.Release|Any CPU.ActiveCfg = Release|Any CPU
		{75337205-5365-CC43-5A0D-C297885DE632}.Release|Any CPU.Build.0 = Release|Any CPU
	EndGlobalSection
	GlobalSection(SolutionProperties) = preSolution
		HideSolutionNode = FALSE
	EndGlobalSection
EndGlobal
